
Microsoft Visual Studio Solution File, Format Version 11.00
# Visual Studio 2010
Project("{FAE04EC0-301F-11D3-BF4B-00C04F79EFBC}") = "virtualGalleryUnity", "Assembly-CSharp-firstpass.csproj", "{05717B9D-5734-A37C-232D-DDD11050E6F0}"
EndProject
Project("{FAE04EC0-301F-11D3-BF4B-00C04F79EFBC}") = "virtualGalleryUnity", "Assembly-CSharp.csproj", "{E513ACE2-D8E2-D5F5-D9DC-09C4455B429C}"
EndProject
Project("{FAE04EC0-301F-11D3-BF4B-00C04F79EFBC}") = "virtualGalleryUnity", "Assembly-CSharp-Editor-firstpass.csproj", "{B29FC1C8-4E6F-5495-DFB0-D8167EECA650}"
EndProject
Project("{FAE04EC0-301F-11D3-BF4B-00C04F79EFBC}") = "virtualGalleryUnity", "Assembly-CSharp-Editor.csproj", "{EF27B790-74AE-6B49-9E4E-036C8898C9B0}"
EndProject
Global
	GlobalSection(SolutionConfigurationPlatforms) = preSolution
		Debug|Any CPU = Debug|Any CPU
		Release|Any CPU = Release|Any CPU
	EndGlobalSection
	GlobalSection(ProjectConfigurationPlatforms) = postSolution
		{05717B9D-5734-A37C-232D-DDD11050E6F0}.Debug|Any CPU.ActiveCfg = Debug|Any CPU
		{05717B9D-5734-A37C-232D-DDD11050E6F0}.Debug|Any CPU.Build.0 = Debug|Any CPU
		{05717B9D-5734-A37C-232D-DDD11050E6F0}.Release|Any CPU.ActiveCfg = Release|Any CPU
		{05717B9D-5734-A37C-232D-DDD11050E6F0}.Release|Any CPU.Build.0 = Release|Any CPU
		{E513ACE2-D8E2-D5F5-D9DC-09C4455B429C}.Debug|Any CPU.ActiveCfg = Debug|Any CPU
		{E513ACE2-D8E2-D5F5-D9DC-09C4455B429C}.Debug|Any CPU.Build.0 = Debug|Any CPU
		{E513ACE2-D8E2-D5F5-D9DC-09C4455B429C}.Release|Any CPU.ActiveCfg = Release|Any CPU
		{E513ACE2-D8E2-D5F5-D9DC-09C4455B429C}.Release|Any CPU.Build.0 = Release|Any CPU
		{B29FC1C8-4E6F-5495-DFB0-D8167EECA650}.Debug|Any CPU.ActiveCfg = Debug|Any CPU
		{B29FC1C8-4E6F-5495-DFB0-D8167EECA650}.Debug|Any CPU.Build.0 = Debug|Any CPU
		{B29FC1C8-4E6F-5495-DFB0-D8167EECA650}.Release|Any CPU.ActiveCfg = Release|Any CPU
		{B29FC1C8-4E6F-5495-DFB0-D8167EECA650}.Release|Any CPU.Build.0 = Release|Any CPU
		{EF27B790-74AE-6B49-9E4E-036C8898C9B0}.Debug|Any CPU.ActiveCfg = Debug|Any CPU
		{EF27B790-74AE-6B49-9E4E-036C8898C9B0}.Debug|Any CPU.Build.0 = Debug|Any CPU
		{EF27B790-74AE-6B49-9E4E-036C8898C9B0}.Release|Any CPU.ActiveCfg = Release|Any CPU
		{EF27B790-74AE-6B49-9E4E-036C8898C9B0}.Release|Any CPU.Build.0 = Release|Any CPU
	EndGlobalSection
	GlobalSection(SolutionProperties) = preSolution
		HideSolutionNode = FALSE
	EndGlobalSection
	GlobalSection(MonoDevelopProperties) = preSolution
		StartupItem = Assembly-CSharp.csproj
	EndGlobalSection
EndGlobal
